// !$*UTF8*$!
{
	archiveVersion = 1;
	classes = {
	};
	objectVersion = 55;
	objects = {

/* Begin PBXBuildFile section */
		CDE6283426A9BE0200AA5DC7 /* BasicClassService.docc in Sources */ = {isa = PBXBuildFile; fileRef = CDE6283326A9BE0200AA5DC7 /* BasicClassService.docc */; };
		CDE6283526A9BE0200AA5DC7 /* BasicClassService.h in Headers */ = {isa = PBXBuildFile; fileRef = CDE6283226A9BE0200AA5DC7 /* BasicClassService.h */; settings = {ATTRIBUTES = (Public, ); }; };
		CDE6283E26A9BE6700AA5DC7 /* BaseClass.h in Headers */ = {isa = PBXBuildFile; fileRef = CDE6283C26A9BE6700AA5DC7 /* BaseClass.h */; settings = {ATTRIBUTES = (Public, ); }; };
		CDE6283F26A9BE6700AA5DC7 /* BaseClass.m in Sources */ = {isa = PBXBuildFile; fileRef = CDE6283D26A9BE6700AA5DC7 /* BaseClass.m */; };
/* End PBXBuildFile section */

/* Begin PBXFileReference section */
		CD1A95F626A9C2F30045BC9B /* BasicClassService.modulemap */ = {isa = PBXFileReference; lastKnownFileType = "sourcecode.module-map"; path = BasicClassService.modulemap; sourceTree = "<group>"; };
		CDE6282F26A9BE0200AA5DC7 /* BasicClassService.framework */ = {isa = PBXFileReference; explicitFileType = wrapper.framework; includeInIndex = 0; path = BasicClassService.framework; sourceTree = BUILT_PRODUCTS_DIR; };
		CDE6283226A9BE0200AA5DC7 /* BasicClassService.h */ = {isa = PBXFileReference; lastKnownFileType = sourcecode.c.h; path = BasicClassService.h; sourceTree = "<group>"; };
		CDE6283326A9BE0200AA5DC7 /* BasicClassService.docc */ = {isa = PBXFileReference; lastKnownFileType = folder.documentationcatalog; path = BasicClassService.docc; sourceTree = "<group>"; };
		CDE6283C26A9BE6700AA5DC7 /* BaseClass.h */ = {isa = PBXFileReference; lastKnownFileType = sourcecode.c.h; path = BaseClass.h; sourceTree = "<group>"; };
		CDE6283D26A9BE6700AA5DC7 /* BaseClass.m */ = {isa = PBXFileReference; lastKnownFileType = sourcecode.c.objc; path = BaseClass.m; sourceTree = "<group>"; };
/* End PBXFileReference section */

/* Begin PBXFrameworksBuildPhase section */
		CDE6282C26A9BE0200AA5DC7 /* Frameworks */ = {
			isa = PBXFrameworksBuildPhase;
			buildActionMask = 2147483647;
			files = (
			);
			runOnlyForDeploymentPostprocessing = 0;
		};
/* End PBXFrameworksBuildPhase section */

/* Begin PBXGroup section */
		CDE6282526A9BE0200AA5DC7 = {
			isa = PBXGroup;
			children = (
				CDE6283126A9BE0200AA5DC7 /* BasicClassService */,
				CDE6283026A9BE0200AA5DC7 /* Products */,
			);
			sourceTree = "<group>";
		};
		CDE6283026A9BE0200AA5DC7 /* Products */ = {
			isa = PBXGroup;
			children = (
				CDE6282F26A9BE0200AA5DC7 /* BasicClassService.framework */,
			);
			name = Products;
			sourceTree = "<group>";
		};
		CDE6283126A9BE0200AA5DC7 /* BasicClassService */ = {
			isa = PBXGroup;
			children = (
				CDE6283B26A9BE5400AA5DC7 /* Class */,
				CDE6283226A9BE0200AA5DC7 /* BasicClassService.h */,
				CD1A95F626A9C2F30045BC9B /* BasicClassService.modulemap */,
				CDE6283326A9BE0200AA5DC7 /* BasicClassService.docc */,
			);
			path = BasicClassService;
			sourceTree = "<group>";
		};
		CDE6283B26A9BE5400AA5DC7 /* Class */ = {
			isa = PBXGroup;
			children = (
				CDE6283C26A9BE6700AA5DC7 /* BaseClass.h */,
				CDE6283D26A9BE6700AA5DC7 /* BaseClass.m */,
			);
			path = Class;
			sourceTree = "<group>";
		};
/* End PBXGroup section */

/* Begin PBXHeadersBuildPhase section */
		CDE6282A26A9BE0200AA5DC7 /* Headers */ = {
			isa = PBXHeadersBuildPhase;
			buildActionMask = 2147483647;
			files = (
				CDE6283E26A9BE6700AA5DC7 /* BaseClass.h in Headers */,
				CDE6283526A9BE0200AA5DC7 /* BasicClassService.h in Headers */,
			);
			runOnlyForDeploymentPostprocessing = 0;
		};
/* End PBXHeadersBuildPhase section */

/* Begin PBXNativeTarget section */
		CDE6282E26A9BE0200AA5DC7 /* BasicClassService */ = {
			isa = PBXNativeTarget;
			buildConfigurationList = CDE6283826A9BE0200AA5DC7 /* Build configuration list for PBXNativeTarget "BasicClassService" */;
			buildPhases = (
				CDE6282A26A9BE0200AA5DC7 /* Headers */,
				CDE6282B26A9BE0200AA5DC7 /* Sources */,
				CDE6282C26A9BE0200AA5DC7 /* Frameworks */,
				CDE6282D26A9BE0200AA5DC7 /* Resources */,
			);
			buildRules = (
			);
			dependencies = (
			);
			name = BasicClassService;
			productName = BasicClassService;
			productReference = CDE6282F26A9BE0200AA5DC7 /* BasicClassService.framework */;
			productType = "com.apple.product-type.framework";
		};
/* End PBXNativeTarget section */

/* Begin PBXProject section */
		CDE6282626A9BE0200AA5DC7 /* Project object */ = {
			isa = PBXProject;
			attributes = {
				BuildIndependentTargetsInParallel = 1;
				LastUpgradeCheck = 1300;
				TargetAttributes = {
					CDE6282E26A9BE0200AA5DC7 = {
						CreatedOnToolsVersion = 13.0;
						LastSwiftMigration = 1300;
					};
				};
			};
			buildConfigurationList = CDE6282926A9BE0200AA5DC7 /* Build configuration list for PBXProject "BasicClassService" */;
			compatibilityVersion = "Xcode 13.0";
			developmentRegion = en;
			hasScannedForEncodings = 0;
			knownRegions = (
				en,
				Base,
			);
			mainGroup = CDE6282526A9BE0200AA5DC7;
			productRefGroup = CDE6283026A9BE0200AA5DC7 /* Products */;
			projectDirPath = "";
			projectRoot = "";
			targets = (
				CDE6282E26A9BE0200AA5DC7 /* BasicClassService */,
			);
		};
/* End PBXProject section */

/* Begin PBXResourcesBuildPhase section */
		CDE6282D26A9BE0200AA5DC7 /* Resources */ = {
			isa = PBXResourcesBuildPhase;
			buildActionMask = 2147483647;
			files = (
			);
			runOnlyForDeploymentPostprocessing = 0;
		};
/* End PBXResourcesBuildPhase section */

/* Begin PBXSourcesBuildPhase section */
		CDE6282B26A9BE0200AA5DC7 /* Sources */ = {
			isa = PBXSourcesBuildPhase;
			buildActionMask = 2147483647;
			files = (
				CDE6283426A9BE0200AA5DC7 /* BasicClassService.docc in Sources */,
				CDE6283F26A9BE6700AA5DC7 /* BaseClass.m in Sources */,
			);
			runOnlyForDeploymentPostprocessing = 0;
		};
/* End PBXSourcesBuildPhase section */

/* Begin XCBuildConfiguration section */
		CDE6283626A9BE0200AA5DC7 /* Debug */ = {
			isa = XCBuildConfiguration;
			buildSettings = {
				ALWAYS_SEARCH_USER_PATHS = NO;
				CLANG_ANALYZER_NONNULL = YES;
				CLANG_ANALYZER_NUMBER_OBJECT_CONVERSION = YES_AGGRESSIVE;
				CLANG_CXX_LANGUAGE_STANDARD = "gnu++17";
				CLANG_CXX_LIBRARY = "libc++";
				CLANG_ENABLE_MODULES = YES;
				CLANG_ENABLE_OBJC_ARC = YES;
				CLANG_ENABLE_OBJC_WEAK = YES;
				CLANG_WARN_BLOCK_CAPTURE_AUTORELEASING = YES;
				CLANG_WARN_BOOL_CONVERSION = YES;
				CLANG_WARN_COMMA = YES;
				CLANG_WARN_CONSTANT_CONVERSION = YES;
				CLANG_WARN_DEPRECATED_OBJC_IMPLEMENTATIONS = YES;
				CLANG_WARN_DIRECT_OBJC_ISA_USAGE = YES_ERROR;
				CLANG_WARN_DOCUMENTATION_COMMENTS = YES;
				CLANG_WARN_EMPTY_BODY = YES;
				CLANG_WARN_ENUM_CONVERSION = YES;
				CLANG_WARN_INFINITE_RECURSION = YES;
				CLANG_WARN_INT_CONVERSION = YES;
				CLANG_WARN_NON_LITERAL_NULL_CONVERSION = YES;
				CLANG_WARN_OBJC_IMPLICIT_RETAIN_SELF = YES;
				CLANG_WARN_OBJC_LITERAL_CONVERSION = YES;
				CLANG_WARN_OBJC_ROOT_CLASS = YES_ERROR;
				CLANG_WARN_QUOTED_INCLUDE_IN_FRAMEWORK_HEADER = YES;
				CLANG_WARN_RANGE_LOOP_ANALYSIS = YES;
				CLANG_WARN_STRICT_PROTOTYPES = YES;
				CLANG_WARN_SUSPICIOUS_MOVE = YES;
				CLANG_WARN_UNGUARDED_AVAILABILITY = YES_AGGRESSIVE;
				CLANG_WARN_UNREACHABLE_CODE = YES;
				CLANG_WARN__DUPLICATE_METHOD_MATCH = YES;
				COPY_PHASE_STRIP = NO;
				CURRENT_PROJECT_VERSION = 1;
				DEBUG_INFORMATION_FORMAT = dwarf;
				ENABLE_STRICT_OBJC_MSGSEND = YES;
				ENABLE_TESTABILITY = YES;
				GCC_C_LANGUAGE_STANDARD = gnu11;
				GCC_DYNAMIC_NO_PIC = NO;
				GCC_NO_COMMON_BLOCKS = YES;
				GCC_OPTIMIZATION_LEVEL = 0;
				GCC_PREPROCESSOR_DEFINITIONS = (
					"DEBUG=1",
					"$(inherited)",
				);
				GCC_WARN_64_TO_32_BIT_CONVERSION = YES;
				GCC_WARN_ABOUT_RETURN_TYPE = YES_ERROR;
				GCC_WARN_UNDECLARED_SELECTOR = YES;
				GCC_WARN_UNINITIALIZED_AUTOS = YES_AGGRESSIVE;
				GCC_WARN_UNUSED_FUNCTION = YES;
				GCC_WARN_UNUSED_VARIABLE = YES;
				IPHONEOS_DEPLOYMENT_TARGET = 15.0;
				MTL_ENABLE_DEBUG_INFO = INCLUDE_SOURCE;
				MTL_FAST_MATH = YES;
				ONLY_ACTIVE_ARCH = YES;
				SDKROOT = iphoneos;
				VERSIONING_SYSTEM = "apple-generic";
				VERSION_INFO_PREFIX = "";
			};
			name = Debug;
		};
		CDE6283726A9BE0200AA5DC7 /* Release */ = {
			isa = XCBuildConfiguration;
			buildSettings = {
				ALWAYS_SEARCH_USER_PATHS = NO;
				CLANG_ANALYZER_NONNULL = YES;
				CLANG_ANALYZER_NUMBER_OBJECT_CONVERSION = YES_AGGRESSIVE;
				CLANG_CXX_LANGUAGE_STANDARD = "gnu++17";
				CLANG_CXX_LIBRARY = "libc++";
				CLANG_ENABLE_MODULES = YES;
				CLANG_ENABLE_OBJC_ARC = YES;
				CLANG_ENABLE_OBJC_WEAK = YES;
				CLANG_WARN_BLOCK_CAPTURE_AUTORELEASING = YES;
				CLANG_WARN_BOOL_CONVERSION = YES;
				CLANG_WARN_COMMA = YES;
				CLANG_WARN_CONSTANT_CONVERSION = YES;
				CLANG_WARN_DEPRECATED_OBJC_IMPLEMENTATIONS = YES;
				CLANG_WARN_DIRECT_OBJC_ISA_USAGE = YES_ERROR;
				CLANG_WARN_DOCUMENTATION_COMMENTS = YES;
				CLANG_WARN_EMPTY_BODY = YES;
				CLANG_WARN_ENUM_CONVERSION = YES;
				CLANG_WARN_INFINITE_RECURSION = YES;
				CLANG_WARN_INT_CONVERSION = YES;
				CLANG_WARN_NON_LITERAL_NULL_CONVERSION = YES;
				CLANG_WARN_OBJC_IMPLICIT_RETAIN_SELF = YES;
				CLANG_WARN_OBJC_LITERAL_CONVERSION = YES;
				CLANG_WARN_OBJC_ROOT_CLASS = YES_ERROR;
				CLANG_WARN_QUOTED_INCLUDE_IN_FRAMEWORK_HEADER = YES;
				CLANG_WARN_RANGE_LOOP_ANALYSIS = YES;
				CLANG_WARN_STRICT_PROTOTYPES = YES;
				CLANG_WARN_SUSPICIOUS_MOVE = YES;
				CLANG_WARN_UNGUARDED_AVAILABILITY = YES_AGGRESSIVE;
				CLANG_WARN_UNREACHABLE_CODE = YES;
				CLANG_WARN__DUPLICATE_METHOD_MATCH = YES;
				COPY_PHASE_STRIP = NO;
				CURRENT_PROJECT_VERSION = 1;
				DEBUG_INFORMATION_FORMAT = "dwarf-with-dsym";
				ENABLE_NS_ASSERTIONS = NO;
				ENABLE_STRICT_OBJC_MSGSEND = YES;
				GCC_C_LANGUAGE_STANDARD = gnu11;
				GCC_NO_COMMON_BLOCKS = YES;
				GCC_WARN_64_TO_32_BIT_CONVERSION = YES;
				GCC_WARN_ABOUT_RETURN_TYPE = YES_ERROR;
				GCC_WARN_UNDECLARED_SELECTOR = YES;
				GCC_WARN_UNINITIALIZED_AUTOS = YES_AGGRESSIVE;
				GCC_WARN_UNUSED_FUNCTION = YES;
				GCC_WARN_UNUSED_VARIABLE = YES;
				IPHONEOS_DEPLOYMENT_TARGET = 15.0;
				MTL_ENABLE_DEBUG_INFO = NO;
				MTL_FAST_MATH = YES;
				SDKROOT = iphoneos;
				VALIDATE_PRODUCT = YES;
				VERSIONING_SYSTEM = "apple-generic";
				VERSION_INFO_PREFIX = "";
			};
			name = Release;
		};
		CDE6283926A9BE0200AA5DC7 /* Debug */ = {
			isa = XCBuildConfiguration;
			buildSettings = {
				CLANG_ENABLE_MODULES = YES;
				CODE_SIGN_STYLE = Automatic;
				CURRENT_PROJECT_VERSION = 1;
				DEFINES_MODULE = YES;
				DEVELOPMENT_TEAM = N7VVB6PWZS;
				DYLIB_COMPATIBILITY_VERSION = 1;
				DYLIB_CURRENT_VERSION = 1;
				DYLIB_INSTALL_NAME_BASE = "@rpath";
				GENERATE_INFOPLIST_FILE = YES;
				INFOPLIST_KEY_NSHumanReadableCopyright = "";
				INSTALL_PATH = "$(LOCAL_LIBRARY_DIR)/Frameworks";
				LD_RUNPATH_SEARCH_PATHS = (
					"$(inherited)",
					"@executable_path/Frameworks",
					"@loader_path/Frameworks",
				);
				MACH_O_TYPE = staticlib;
				MARKETING_VERSION = 1.0;
				MODULEMAP_FILE = BasicClassService/BasicClassService.modulemap;
				PRODUCT_BUNDLE_IDENTIFIER = soleil.BasicClassService;
				PRODUCT_NAME = "$(TARGET_NAME:c99extidentifier)";
				SKIP_INSTALL = YES;
				SWIFT_EMIT_LOC_STRINGS = YES;
				SWIFT_OPTIMIZATION_LEVEL = "-Onone";
				SWIFT_VERSION = 5.0;
				TARGETED_DEVICE_FAMILY = "1,2";
			};
			name = Debug;
		};
		CDE6283A26A9BE0200AA5DC7 /* Release */ = {
			isa = XCBuildConfiguration;
			buildSettings = {
				CLANG_ENABLE_MODULES = YES;
				CODE_SIGN_STYLE = Automatic;
				CURRENT_PROJECT_VERSION = 1;
				DEFINES_MODULE = YES;
				DEVELOPMENT_TEAM = N7VVB6PWZS;
				DYLIB_COMPATIBILITY_VERSION = 1;
				DYLIB_CURRENT_VERSION = 1;
				DYLIB_INSTALL_NAME_BASE = "@rpath";
				GENERATE_INFOPLIST_FILE = YES;
				INFOPLIST_KEY_NSHumanReadableCopyright = "";
				INSTALL_PATH = "$(LOCAL_LIBRARY_DIR)/Frameworks";
				LD_RUNPATH_SEARCH_PATHS = (
					"$(inherited)",
					"@executable_path/Frameworks",
					"@loader_path/Frameworks",
				);
				MACH_O_TYPE = staticlib;
				MARKETING_VERSION = 1.0;
				MODULEMAP_FILE = BasicClassService/BasicClassService.modulemap;
				PRODUCT_BUNDLE_IDENTIFIER = soleil.BasicClassService;
				PRODUCT_NAME = "$(TARGET_NAME:c99extidentifier)";
				SKIP_INSTALL = YES;
				SWIFT_EMIT_LOC_STRINGS = YES;
				SWIFT_VERSION = 5.0;
				TARGETED_DEVICE_FAMILY = "1,2";
			};
			name = Release;
		};
/* End XCBuildConfiguration section */

/* Begin XCConfigurationList section */
		CDE6282926A9BE0200AA5DC7 /* Build configuration list for PBXProject "BasicClassService" */ = {
			isa = XCConfigurationList;
			buildConfigurations = (
				CDE6283626A9BE0200AA5DC7 /* Debug */,
				CDE6283726A9BE0200AA5DC7 /* Release */,
			);
			defaultConfigurationIsVisible = 0;
			defaultConfigurationName = Release;
		};
		CDE6283826A9BE0200AA5DC7 /* Build configuration list for PBXNativeTarget "BasicClassService" */ = {
			isa = XCConfigurationList;
			buildConfigurations = (
				CDE6283926A9BE0200AA5DC7 /* Debug */,
				CDE6283A26A9BE0200AA5DC7 /* Release */,
			);
			defaultConfigurationIsVisible = 0;
			defaultConfigurationName = Release;
		};
/* End XCConfigurationList section */
	};
	rootObject = CDE6282626A9BE0200AA5DC7 /* Project object */;
}
